// !$*UTF8*$!
{
	archiveVersion = 1;
	classes = {
	};
	objectVersion = 46;
	objects = {

/* Begin PBXBuildFile section */
		839C23F51E611E2E00815710 /* AppDelegate.swift in Sources */ = {isa = PBXBuildFile; fileRef = 839C23F41E611E2E00815710 /* AppDelegate.swift */; };
		839C23F71E611E2E00815710 /* ViewController.swift in Sources */ = {isa = PBXBuildFile; fileRef = 839C23F61E611E2E00815710 /* ViewController.swift */; };
		839C23FA1E611E2E00815710 /* Main.storyboard in Resources */ = {isa = PBXBuildFile; fileRef = 839C23F81E611E2E00815710 /* Main.storyboard */; };
		839C23FC1E611E2E00815710 /* Assets.xcassets in Resources */ = {isa = PBXBuildFile; fileRef = 839C23FB1E611E2E00815710 /* Assets.xcassets */; };
		839C23FF1E611E2E00815710 /* LaunchScreen.storyboard in Resources */ = {isa = PBXBuildFile; fileRef = 839C23FD1E611E2E00815710 /* LaunchScreen.storyboard */; };
		839C24231E6123BA00815710 /* CMViewControllerFir.swift in Sources */ = {isa = PBXBuildFile; fileRef = 839C24221E6123BA00815710 /* CMViewControllerFir.swift */; };
		839C24251E6123E000815710 /* CustomCell.swift in Sources */ = {isa = PBXBuildFile; fileRef = 839C24241E6123E000815710 /* CustomCell.swift */; };
		839C24271E6123EF00815710 /* ExpansionCell.swift in Sources */ = {isa = PBXBuildFile; fileRef = 839C24261E6123EF00815710 /* ExpansionCell.swift */; };
		839C24291E6132F000815710 /* CMViewControllerSec.swift in Sources */ = {isa = PBXBuildFile; fileRef = 839C24281E6132F000815710 /* CMViewControllerSec.swift */; };
		839C242B1E6154FF00815710 /* CMViewControllerThi.swift in Sources */ = {isa = PBXBuildFile; fileRef = 839C242A1E6154FF00815710 /* CMViewControllerThi.swift */; };
/* End PBXBuildFile section */

/* Begin PBXContainerItemProxy section */
		839C24061E611E2E00815710 /* PBXContainerItemProxy */ = {
			isa = PBXContainerItemProxy;
			containerPortal = 839C23E91E611E2E00815710 /* Project object */;
			proxyType = 1;
			remoteGlobalIDString = 839C23F01E611E2E00815710;
			remoteInfo = "展开Cell的三种方式";
		};
		839C24111E611E2E00815710 /* PBXContainerItemProxy */ = {
			isa = PBXContainerItemProxy;
			containerPortal = 839C23E91E611E2E00815710 /* Project object */;
			proxyType = 1;
			remoteGlobalIDString = 839C23F01E611E2E00815710;
			remoteInfo = "展开Cell的三种方式";
		};
/* End PBXContainerItemProxy section */

/* Begin PBXFileReference section */
		839C23F11E611E2E00815710 /* 展开Cell的三种方式.app */ = {isa = PBXFileReference; explicitFileType = wrapper.application; includeInIndex = 0; path = "展开Cell的三种方式.app"; sourceTree = BUILT_PRODUCTS_DIR; };
		839C23F41E611E2E00815710 /* AppDelegate.swift */ = {isa = PBXFileReference; lastKnownFileType = sourcecode.swift; path = AppDelegate.swift; sourceTree = "<group>"; };
		839C23F61E611E2E00815710 /* ViewController.swift */ = {isa = PBXFileReference; lastKnownFileType = sourcecode.swift; path = ViewController.swift; sourceTree = "<group>"; };
		839C23F91E611E2E00815710 /* Base */ = {isa = PBXFileReference; lastKnownFileType = file.storyboard; name = Base; path = Base.lproj/Main.storyboard; sourceTree = "<group>"; };
		839C23FB1E611E2E00815710 /* Assets.xcassets */ = {isa = PBXFileReference; lastKnownFileType = folder.assetcatalog; path = Assets.xcassets; sourceTree = "<group>"; };
		839C23FE1E611E2E00815710 /* Base */ = {isa = PBXFileReference; lastKnownFileType = file.storyboard; name = Base; path = Base.lproj/LaunchScreen.storyboard; sourceTree = "<group>"; };
		839C24001E611E2E00815710 /* Info.plist */ = {isa = PBXFileReference; lastKnownFileType = text.plist.xml; path = Info.plist; sourceTree = "<group>"; };
		839C24051E611E2E00815710 /* 展开Cell的三种方式Tests.xctest */ = {isa = PBXFileReference; explicitFileType = wrapper.cfbundle; includeInIndex = 0; path = "展开Cell的三种方式Tests.xctest"; sourceTree = BUILT_PRODUCTS_DIR; };
		839C24101E611E2E00815710 /* 展开Cell的三种方式UITests.xctest */ = {isa = PBXFileReference; explicitFileType = wrapper.cfbundle; includeInIndex = 0; path = "展开Cell的三种方式UITests.xctest"; sourceTree = BUILT_PRODUCTS_DIR; };
		839C24221E6123BA00815710 /* CMViewControllerFir.swift */ = {isa = PBXFileReference; fileEncoding = 4; lastKnownFileType = sourcecode.swift; path = CMViewControllerFir.swift; sourceTree = "<group>"; };
		839C24241E6123E000815710 /* CustomCell.swift */ = {isa = PBXFileReference; fileEncoding = 4; lastKnownFileType = sourcecode.swift; path = CustomCell.swift; sourceTree = "<group>"; };
		839C24261E6123EF00815710 /* ExpansionCell.swift */ = {isa = PBXFileReference; fileEncoding = 4; lastKnownFileType = sourcecode.swift; path = ExpansionCell.swift; sourceTree = "<group>"; };
		839C24281E6132F000815710 /* CMViewControllerSec.swift */ = {isa = PBXFileReference; fileEncoding = 4; lastKnownFileType = sourcecode.swift; path = CMViewControllerSec.swift; sourceTree = "<group>"; };
		839C242A1E6154FF00815710 /* CMViewControllerThi.swift */ = {isa = PBXFileReference; fileEncoding = 4; lastKnownFileType = sourcecode.swift; path = CMViewControllerThi.swift; sourceTree = "<group>"; };
/* End PBXFileReference section */

/* Begin PBXFrameworksBuildPhase section */
		839C23EE1E611E2E00815710 /* Frameworks */ = {
			isa = PBXFrameworksBuildPhase;
			buildActionMask = 2147483647;
			files = (
			);
			runOnlyForDeploymentPostprocessing = 0;
		};
		839C24021E611E2E00815710 /* Frameworks */ = {
			isa = PBXFrameworksBuildPhase;
			buildActionMask = 2147483647;
			files = (
			);
			runOnlyForDeploymentPostprocessing = 0;
		};
		839C240D1E611E2E00815710 /* Frameworks */ = {
			isa = PBXFrameworksBuildPhase;
			buildActionMask = 2147483647;
			files = (
			);
			runOnlyForDeploymentPostprocessing = 0;
		};
/* End PBXFrameworksBuildPhase section */

/* Begin PBXGroup section */
		839C23E81E611E2E00815710 = {
			isa = PBXGroup;
			children = (
				839C23F31E611E2E00815710 /* 展开Cell的三种方式 */,
				839C23F21E611E2E00815710 /* Products */,
			);
			sourceTree = "<group>";
		};
		839C23F21E611E2E00815710 /* Products */ = {
			isa = PBXGroup;
			children = (
				839C23F11E611E2E00815710 /* 展开Cell的三种方式.app */,
				839C24051E611E2E00815710 /* 展开Cell的三种方式Tests.xctest */,
				839C24101E611E2E00815710 /* 展开Cell的三种方式UITests.xctest */,
			);
			name = Products;
			sourceTree = "<group>";
		};
		839C23F31E611E2E00815710 /* 展开Cell的三种方式 */ = {
			isa = PBXGroup;
			children = (
				839C23F41E611E2E00815710 /* AppDelegate.swift */,
				839C23F61E611E2E00815710 /* ViewController.swift */,
				839C24221E6123BA00815710 /* CMViewControllerFir.swift */,
				839C24281E6132F000815710 /* CMViewControllerSec.swift */,
				839C242A1E6154FF00815710 /* CMViewControllerThi.swift */,
				839C24241E6123E000815710 /* CustomCell.swift */,
				839C24261E6123EF00815710 /* ExpansionCell.swift */,
				839C23F81E611E2E00815710 /* Main.storyboard */,
				839C23FB1E611E2E00815710 /* Assets.xcassets */,
				839C23FD1E611E2E00815710 /* LaunchScreen.storyboard */,
				839C24001E611E2E00815710 /* Info.plist */,
			);
			path = "展开Cell的三种方式";
			sourceTree = "<group>";
		};
/* End PBXGroup section */

/* Begin PBXNativeTarget section */
		839C23F01E611E2E00815710 /* 展开Cell的三种方式 */ = {
			isa = PBXNativeTarget;
			buildConfigurationList = 839C24191E611E2E00815710 /* Build configuration list for PBXNativeTarget "展开Cell的三种方式" */;
			buildPhases = (
				839C23ED1E611E2E00815710 /* Sources */,
				839C23EE1E611E2E00815710 /* Frameworks */,
				839C23EF1E611E2E00815710 /* Resources */,
			);
			buildRules = (
			);
			dependencies = (
			);
			name = "展开Cell的三种方式";
			productName = "展开Cell的三种方式";
			productReference = 839C23F11E611E2E00815710 /* 展开Cell的三种方式.app */;
			productType = "com.apple.product-type.application";
		};
		839C24041E611E2E00815710 /* 展开Cell的三种方式Tests */ = {
			isa = PBXNativeTarget;
			buildConfigurationList = 839C241C1E611E2E00815710 /* Build configuration list for PBXNativeTarget "展开Cell的三种方式Tests" */;
			buildPhases = (
				839C24011E611E2E00815710 /* Sources */,
				839C24021E611E2E00815710 /* Frameworks */,
				839C24031E611E2E00815710 /* Resources */,
			);
			buildRules = (
			);
			dependencies = (
				839C24071E611E2E00815710 /* PBXTargetDependency */,
			);
			name = "展开Cell的三种方式Tests";
			productName = "展开Cell的三种方式Tests";
			productReference = 839C24051E611E2E00815710 /* 展开Cell的三种方式Tests.xctest */;
			productType = "com.apple.product-type.bundle.unit-test";
		};
		839C240F1E611E2E00815710 /* 展开Cell的三种方式UITests */ = {
			isa = PBXNativeTarget;
			buildConfigurationList = 839C241F1E611E2E00815710 /* Build configuration list for PBXNativeTarget "展开Cell的三种方式UITests" */;
			buildPhases = (
				839C240C1E611E2E00815710 /* Sources */,
				839C240D1E611E2E00815710 /* Frameworks */,
				839C240E1E611E2E00815710 /* Resources */,
			);
			buildRules = (
			);
			dependencies = (
				839C24121E611E2E00815710 /* PBXTargetDependency */,
			);
			name = "展开Cell的三种方式UITests";
			productName = "展开Cell的三种方式UITests";
			productReference = 839C24101E611E2E00815710 /* 展开Cell的三种方式UITests.xctest */;
			productType = "com.apple.product-type.bundle.ui-testing";
		};
/* End PBXNativeTarget section */

/* Begin PBXProject section */
		839C23E91E611E2E00815710 /* Project object */ = {
			isa = PBXProject;
			attributes = {
				LastSwiftUpdateCheck = 0820;
				LastUpgradeCheck = 0820;
				ORGANIZATIONNAME = CM;
				TargetAttributes = {
					839C23F01E611E2E00815710 = {
						CreatedOnToolsVersion = 8.2.1;
						ProvisioningStyle = Automatic;
					};
					839C24041E611E2E00815710 = {
						CreatedOnToolsVersion = 8.2.1;
						ProvisioningStyle = Automatic;
						TestTargetID = 839C23F01E611E2E00815710;
					};
					839C240F1E611E2E00815710 = {
						CreatedOnToolsVersion = 8.2.1;
						ProvisioningStyle = Automatic;
						TestTargetID = 839C23F01E611E2E00815710;
					};
				};
			};
			buildConfigurationList = 839C23EC1E611E2E00815710 /* Build configuration list for PBXProject "展开Cell的三种方式" */;
			compatibilityVersion = "Xcode 3.2";
			developmentRegion = English;
			hasScannedForEncodings = 0;
			knownRegions = (
				en,
				Base,
			);
			mainGroup = 839C23E81E611E2E00815710;
			productRefGroup = 839C23F21E611E2E00815710 /* Products */;
			projectDirPath = "";
			projectRoot = "";
			targets = (
				839C23F01E611E2E00815710 /* 展开Cell的三种方式 */,
				839C24041E611E2E00815710 /* 展开Cell的三种方式Tests */,
				839C240F1E611E2E00815710 /* 展开Cell的三种方式UITests */,
			);
		};
/* End PBXProject section */

/* Begin PBXResourcesBuildPhase section */
		839C23EF1E611E2E00815710 /* Resources */ = {
			isa = PBXResourcesBuildPhase;
			buildActionMask = 2147483647;
			files = (
				839C23FF1E611E2E00815710 /* LaunchScreen.storyboard in Resources */,
				839C23FC1E611E2E00815710 /* Assets.xcassets in Resources */,
				839C23FA1E611E2E00815710 /* Main.storyboard in Resources */,
			);
			runOnlyForDeploymentPostprocessing = 0;
		};
		839C24031E611E2E00815710 /* Resources */ = {
			isa = PBXResourcesBuildPhase;
			buildActionMask = 2147483647;
			files = (
			);
			runOnlyForDeploymentPostprocessing = 0;
		};
		839C240E1E611E2E00815710 /* Resources */ = {
			isa = PBXResourcesBuildPhase;
			buildActionMask = 2147483647;
			files = (
			);
			runOnlyForDeploymentPostprocessing = 0;
		};
/* End PBXResourcesBuildPhase section */

/* Begin PBXSourcesBuildPhase section */
		839C23ED1E611E2E00815710 /* Sources */ = {
			isa = PBXSourcesBuildPhase;
			buildActionMask = 2147483647;
			files = (
				839C242B1E6154FF00815710 /* CMViewControllerThi.swift in Sources */,
				839C24291E6132F000815710 /* CMViewControllerSec.swift in Sources */,
				839C23F71E611E2E00815710 /* ViewController.swift in Sources */,
				839C23F51E611E2E00815710 /* AppDelegate.swift in Sources */,
				839C24271E6123EF00815710 /* ExpansionCell.swift in Sources */,
				839C24251E6123E000815710 /* CustomCell.swift in Sources */,
				839C24231E6123BA00815710 /* CMViewControllerFir.swift in Sources */,
			);
			runOnlyForDeploymentPostprocessing = 0;
		};
		839C24011E611E2E00815710 /* Sources */ = {
			isa = PBXSourcesBuildPhase;
			buildActionMask = 2147483647;
			files = (
			);
			runOnlyForDeploymentPostprocessing = 0;
		};
		839C240C1E611E2E00815710 /* Sources */ = {
			isa = PBXSourcesBuildPhase;
			buildActionMask = 2147483647;
			files = (
			);
			runOnlyForDeploymentPostprocessing = 0;
		};
/* End PBXSourcesBuildPhase section */

/* Begin PBXTargetDependency section */
		839C24071E611E2E00815710 /* PBXTargetDependency */ = {
			isa = PBXTargetDependency;
			target = 839C23F01E611E2E00815710 /* 展开Cell的三种方式 */;
			targetProxy = 839C24061E611E2E00815710 /* PBXContainerItemProxy */;
		};
		839C24121E611E2E00815710 /* PBXTargetDependency */ = {
			isa = PBXTargetDependency;
			target = 839C23F01E611E2E00815710 /* 展开Cell的三种方式 */;
			targetProxy = 839C24111E611E2E00815710 /* PBXContainerItemProxy */;
		};
/* End PBXTargetDependency section */

/* Begin PBXVariantGroup section */
		839C23F81E611E2E00815710 /* Main.storyboard */ = {
			isa = PBXVariantGroup;
			children = (
				839C23F91E611E2E00815710 /* Base */,
			);
			name = Main.storyboard;
			sourceTree = "<group>";
		};
		839C23FD1E611E2E00815710 /* LaunchScreen.storyboard */ = {
			isa = PBXVariantGroup;
			children = (
				839C23FE1E611E2E00815710 /* Base */,
			);
			name = LaunchScreen.storyboard;
			sourceTree = "<group>";
		};
/* End PBXVariantGroup section */

/* Begin XCBuildConfiguration section */
		839C24171E611E2E00815710 /* Debug */ = {
			isa = XCBuildConfiguration;
			buildSettings = {
				ALWAYS_SEARCH_USER_PATHS = NO;
				CLANG_ANALYZER_NONNULL = YES;
				CLANG_CXX_LANGUAGE_STANDARD = "gnu++0x";
				CLANG_CXX_LIBRARY = "libc++";
				CLANG_ENABLE_MODULES = YES;
				CLANG_ENABLE_OBJC_ARC = YES;
				CLANG_WARN_BOOL_CONVERSION = YES;
				CLANG_WARN_CONSTANT_CONVERSION = YES;
				CLANG_WARN_DIRECT_OBJC_ISA_USAGE = YES_ERROR;
				CLANG_WARN_DOCUMENTATION_COMMENTS = YES;
				CLANG_WARN_EMPTY_BODY = YES;
				CLANG_WARN_ENUM_CONVERSION = YES;
				CLANG_WARN_INFINITE_RECURSION = YES;
				CLANG_WARN_INT_CONVERSION = YES;
				CLANG_WARN_OBJC_ROOT_CLASS = YES_ERROR;
				CLANG_WARN_SUSPICIOUS_MOVE = YES;
				CLANG_WARN_UNREACHABLE_CODE = YES;
				CLANG_WARN__DUPLICATE_METHOD_MATCH = YES;
				"CODE_SIGN_IDENTITY[sdk=iphoneos*]" = "iPhone Developer";
				COPY_PHASE_STRIP = NO;
				DEBUG_INFORMATION_FORMAT = dwarf;
				ENABLE_STRICT_OBJC_MSGSEND = YES;
				ENABLE_TESTABILITY = YES;
				GCC_C_LANGUAGE_STANDARD = gnu99;
				GCC_DYNAMIC_NO_PIC = NO;
				GCC_NO_COMMON_BLOCKS = YES;
				GCC_OPTIMIZATION_LEVEL = 0;
				GCC_PREPROCESSOR_DEFINITIONS = (
					"DEBUG=1",
					"$(inherited)",
				);
				GCC_WARN_64_TO_32_BIT_CONVERSION = YES;
				GCC_WARN_ABOUT_RETURN_TYPE = YES_ERROR;
				GCC_WARN_UNDECLARED_SELECTOR = YES;
				GCC_WARN_UNINITIALIZED_AUTOS = YES_AGGRESSIVE;
				GCC_WARN_UNUSED_FUNCTION = YES;
				GCC_WARN_UNUSED_VARIABLE = YES;
				IPHONEOS_DEPLOYMENT_TARGET = 10.2;
				MTL_ENABLE_DEBUG_INFO = YES;
				ONLY_ACTIVE_ARCH = YES;
				SDKROOT = iphoneos;
				SWIFT_ACTIVE_COMPILATION_CONDITIONS = DEBUG;
				SWIFT_OPTIMIZATION_LEVEL = "-Onone";
			};
			name = Debug;
		};
		839C24181E611E2E00815710 /* Release */ = {
			isa = XCBuildConfiguration;
			buildSettings = {
				ALWAYS_SEARCH_USER_PATHS = NO;
				CLANG_ANALYZER_NONNULL = YES;
				CLANG_CXX_LANGUAGE_STANDARD = "gnu++0x";
				CLANG_CXX_LIBRARY = "libc++";
				CLANG_ENABLE_MODULES = YES;
				CLANG_ENABLE_OBJC_ARC = YES;
				CLANG_WARN_BOOL_CONVERSION = YES;
				CLANG_WARN_CONSTANT_CONVERSION = YES;
				CLANG_WARN_DIRECT_OBJC_ISA_USAGE = YES_ERROR;
				CLANG_WARN_DOCUMENTATION_COMMENTS = YES;
				CLANG_WARN_EMPTY_BODY = YES;
				CLANG_WARN_ENUM_CONVERSION = YES;
				CLANG_WARN_INFINITE_RECURSION = YES;
				CLANG_WARN_INT_CONVERSION = YES;
				CLANG_WARN_OBJC_ROOT_CLASS = YES_ERROR;
				CLANG_WARN_SUSPICIOUS_MOVE = YES;
				CLANG_WARN_UNREACHABLE_CODE = YES;
				CLANG_WARN__DUPLICATE_METHOD_MATCH = YES;
				"CODE_SIGN_IDENTITY[sdk=iphoneos*]" = "iPhone Developer";
				COPY_PHASE_STRIP = NO;
				DEBUG_INFORMATION_FORMAT = "dwarf-with-dsym";
				ENABLE_NS_ASSERTIONS = NO;
				ENABLE_STRICT_OBJC_MSGSEND = YES;
				GCC_C_LANGUAGE_STANDARD = gnu99;
				GCC_NO_COMMON_BLOCKS = YES;
				GCC_WARN_64_TO_32_BIT_CONVERSION = YES;
				GCC_WARN_ABOUT_RETURN_TYPE = YES_ERROR;
				GCC_WARN_UNDECLARED_SELECTOR = YES;
				GCC_WARN_UNINITIALIZED_AUTOS = YES_AGGRESSIVE;
				GCC_WARN_UNUSED_FUNCTION = YES;
				GCC_WARN_UNUSED_VARIABLE = YES;
				IPHONEOS_DEPLOYMENT_TARGET = 10.2;
				MTL_ENABLE_DEBUG_INFO = NO;
				SDKROOT = iphoneos;
				SWIFT_OPTIMIZATION_LEVEL = "-Owholemodule";
				VALIDATE_PRODUCT = YES;
			};
			name = Release;
		};
		839C241A1E611E2E00815710 /* Debug */ = {
			isa = XCBuildConfiguration;
			buildSettings = {
				ASSETCATALOG_COMPILER_APPICON_NAME = AppIcon;
				INFOPLIST_FILE = "展开Cell的三种方式/Info.plist";
				LD_RUNPATH_SEARCH_PATHS = "$(inherited) @executable_path/Frameworks";
				PRODUCT_BUNDLE_IDENTIFIER = "CM.--Cell-----";
				PRODUCT_NAME = "$(TARGET_NAME)";
				SWIFT_VERSION = 3.0;
			};
			name = Debug;
		};
		839C241B1E611E2E00815710 /* Release */ = {
			isa = XCBuildConfiguration;
			buildSettings = {
				ASSETCATALOG_COMPILER_APPICON_NAME = AppIcon;
				INFOPLIST_FILE = "展开Cell的三种方式/Info.plist";
				LD_RUNPATH_SEARCH_PATHS = "$(inherited) @executable_path/Frameworks";
				PRODUCT_BUNDLE_IDENTIFIER = "CM.--Cell-----";
				PRODUCT_NAME = "$(TARGET_NAME)";
				SWIFT_VERSION = 3.0;
			};
			name = Release;
		};
		839C241D1E611E2E00815710 /* Debug */ = {
			isa = XCBuildConfiguration;
			buildSettings = {
				ALWAYS_EMBED_SWIFT_STANDARD_LIBRARIES = YES;
				BUNDLE_LOADER = "$(TEST_HOST)";
				INFOPLIST_FILE = "展开Cell的三种方式Tests/Info.plist";
				LD_RUNPATH_SEARCH_PATHS = "$(inherited) @executable_path/Frameworks @loader_path/Frameworks";
				PRODUCT_BUNDLE_IDENTIFIER = "CM.--Cell-----Tests";
				PRODUCT_NAME = "$(TARGET_NAME)";
				SWIFT_VERSION = 3.0;
				TEST_HOST = "$(BUILT_PRODUCTS_DIR)/展开Cell的三种方式.app/展开Cell的三种方式";
			};
			name = Debug;
		};
		839C241E1E611E2E00815710 /* Release */ = {
			isa = XCBuildConfiguration;
			buildSettings = {
				ALWAYS_EMBED_SWIFT_STANDARD_LIBRARIES = YES;
				BUNDLE_LOADER = "$(TEST_HOST)";
				INFOPLIST_FILE = "展开Cell的三种方式Tests/Info.plist";
				LD_RUNPATH_SEARCH_PATHS = "$(inherited) @executable_path/Frameworks @loader_path/Frameworks";
				PRODUCT_BUNDLE_IDENTIFIER = "CM.--Cell-----Tests";
				PRODUCT_NAME = "$(TARGET_NAME)";
				SWIFT_VERSION = 3.0;
				TEST_HOST = "$(BUILT_PRODUCTS_DIR)/展开Cell的三种方式.app/展开Cell的三种方式";
			};
			name = Release;
		};
		839C24201E611E2E00815710 /* Debug */ = {
			isa = XCBuildConfiguration;
			buildSettings = {
				ALWAYS_EMBED_SWIFT_STANDARD_LIBRARIES = YES;
				INFOPLIST_FILE = "展开Cell的三种方式UITests/Info.plist";
				LD_RUNPATH_SEARCH_PATHS = "$(inherited) @executable_path/Frameworks @loader_path/Frameworks";
				PRODUCT_BUNDLE_IDENTIFIER = "CM.--Cell-----UITests";
				PRODUCT_NAME = "$(TARGET_NAME)";
				SWIFT_VERSION = 3.0;
				TEST_TARGET_NAME = "展开Cell的三种方式";
			};
			name = Debug;
		};
		839C24211E611E2E00815710 /* Release */ = {
			isa = XCBuildConfiguration;
			buildSettings = {
				ALWAYS_EMBED_SWIFT_STANDARD_LIBRARIES = YES;
				INFOPLIST_FILE = "展开Cell的三种方式UITests/Info.plist";
				LD_RUNPATH_SEARCH_PATHS = "$(inherited) @executable_path/Frameworks @loader_path/Frameworks";
				PRODUCT_BUNDLE_IDENTIFIER = "CM.--Cell-----UITests";
				PRODUCT_NAME = "$(TARGET_NAME)";
				SWIFT_VERSION = 3.0;
				TEST_TARGET_NAME = "展开Cell的三种方式";
			};
			name = Release;
		};
/* End XCBuildConfiguration section */

/* Begin XCConfigurationList section */
		839C23EC1E611E2E00815710 /* Build configuration list for PBXProject "展开Cell的三种方式" */ = {
			isa = XCConfigurationList;
			buildConfigurations = (
				839C24171E611E2E00815710 /* Debug */,
				839C24181E611E2E00815710 /* Release */,
			);
			defaultConfigurationIsVisible = 0;
			defaultConfigurationName = Release;
		};
		839C24191E611E2E00815710 /* Build configuration list for PBXNativeTarget "展开Cell的三种方式" */ = {
			isa = XCConfigurationList;
			buildConfigurations = (
				839C241A1E611E2E00815710 /* Debug */,
				839C241B1E611E2E00815710 /* Release */,
			);
			defaultConfigurationIsVisible = 0;
			defaultConfigurationName = Release;
		};
		839C241C1E611E2E00815710 /* Build configuration list for PBXNativeTarget "展开Cell的三种方式Tests" */ = {
			isa = XCConfigurationList;
			buildConfigurations = (
				839C241D1E611E2E00815710 /* Debug */,
				839C241E1E611E2E00815710 /* Release */,
			);
			defaultConfigurationIsVisible = 0;
			defaultConfigurationName = Release;
		};
		839C241F1E611E2E00815710 /* Build configuration list for PBXNativeTarget "展开Cell的三种方式UITests" */ = {
			isa = XCConfigurationList;
			buildConfigurations = (
				839C24201E611E2E00815710 /* Debug */,
				839C24211E611E2E00815710 /* Release */,
			);
			defaultConfigurationIsVisible = 0;
			defaultConfigurationName = Release;
		};
/* End XCConfigurationList section */
	};
	rootObject = 839C23E91E611E2E00815710 /* Project object */;
}
